{
  "name": "slugify-x",
  "version": "1.1.0",
  "lockfileVersion": 3,
  "requires": true,
  "packages": {
    "": {
      "name": "slugify-x",
      "version": "1.1.0",
      "license": "MIT",
      "bin": {
        "slugify-x": "dist/cli.js"
      },
      "engines": {
        "node": ">=18.0.0"
      }
    }
  }
}
